
Microsoft Visual Studio Solution File, Format Version 12.00
# Visual Studio Version 16
VisualStudioVersion = 16.0.29613.14
MinimumVisualStudioVersion = 10.0.40219.1
Project("{FAE04EC0-301F-11D3-BF4B-00C04F79EFBC}") = "DiscordWebHook.Client", "DiscordWebHook.Client\DiscordWebHook.Client.csproj", "{90B49EA8-E062-4B09-A804-1B2EE36365BD}"
EndProject
Project("{9A19103F-16F7-4668-BE54-9A1E7A4F7556}") = "DiscordWebHook.Library", "DiscordWebHook.Library\DiscordWebHook.Library.csproj", "{C7C619B1-629F-4760-AF0E-92E0AD9B790C}"
EndProject
Global
	GlobalSection(SolutionConfigurationPlatforms) = preSolution
		Debug|Any CPU = Debug|Any CPU
		Release|Any CPU = Release|Any CPU
	EndGlobalSection
	GlobalSection(ProjectConfigurationPlatforms) = postSolution
		{90B49EA8-E062-4B09-A804-1B2EE36365BD}.Debug|Any CPU.ActiveCfg = Debug|Any CPU
		{90B49EA8-E062-4B09-A804-1B2EE36365BD}.Debug|Any CPU.Build.0 = Debug|Any CPU
		{90B49EA8-E062-4B09-A804-1B2EE36365BD}.Release|Any CPU.ActiveCfg = Release|Any CPU
		{90B49EA8-E062-4B09-A804-1B2EE36365BD}.Release|Any CPU.Build.0 = Release|Any CPU
		{C7C619B1-629F-4760-AF0E-92E0AD9B790C}.Debug|Any CPU.ActiveCfg = Debug|Any CPU
		{C7C619B1-629F-4760-AF0E-92E0AD9B790C}.Debug|Any CPU.Build.0 = Debug|Any CPU
		{C7C619B1-629F-4760-AF0E-92E0AD9B790C}.Release|Any CPU.ActiveCfg = Release|Any CPU
		{C7C619B1-629F-4760-AF0E-92E0AD9B790C}.Release|Any CPU.Build.0 = Release|Any CPU
	EndGlobalSection
	GlobalSection(SolutionProperties) = preSolution
		HideSolutionNode = FALSE
	EndGlobalSection
	GlobalSection(ExtensibilityGlobals) = postSolution
		SolutionGuid = {D7A367BA-F481-4D91-9819-83CED76D453F}
	EndGlobalSection
EndGlobal
